<?xml version="1.0" encoding="utf-8"?>
<Project ToolsVersion="4.0" xmlns="http://schemas.microsoft.com/developer/msbuild/2003">
  <ItemGroup>
    <ClCompile Include="Animation.cpp" />
    <ClCompile Include="Bomb.cpp" />
    <ClCompile Include="Enemy.cpp" />
    <ClCompile Include="Game.cpp" />
    <ClCompile Include="learn_GameDev.cpp" />
    <ClCompile Include="Level.cpp" />
    <ClCompile Include="Player.cpp" />
    <ClCompile Include="PowerUp.cpp" />
    <ClCompile Include="StartMenu.cpp" />
    <ClCompile Include="TextureHolder.cpp" />
    <ClCompile Include="Tile.cpp" />
    <ClCompile Include="Valcom.cpp" />
    <ClCompile Include="Collidable.cpp" />
    <ClCompile Include="ONeal.cpp" />

  </ItemGroup>
  <ItemGroup>
    <ClInclude Include="Animation.h" />
    <ClInclude Include="Bomb.h" />
    <ClInclude Include="Enemy.h" />
    <ClInclude Include="Game.h" />
    <ClInclude Include="Level.h" />
    <ClInclude Include="Player.h" />
    <ClInclude Include="PowerUp.h" />
    <ClInclude Include="StartMenu.h" />
    <ClInclude Include="TextureHolder.h" />
    <ClInclude Include="Tile.h" />
    <ClInclude Include="Valcom.h" />
    <ClInclude Include="Collidable.h" />
    <ClInclude Include="Enum.h" />
    <ClInclude Include="ONeal.h" />
  </ItemGroup>
  <ItemGroup>
    <Image Include="bomberman_enemies.png" />
    <Image Include="bomberman_explosion.png" />
    <Image Include="bomberman_items.png" />
    <Image Include="bomberman_player.png" />
  </ItemGroup>
</Project>